
Microsoft Visual Studio Solution File, Format Version 12.00
# Visual Studio Version 16
VisualStudioVersion = 16.0.30611.23
MinimumVisualStudioVersion = 10.0.40219.1
Project("{E24C65DC-7377-472B-9ABA-BC803B73C61A}") = "shop.kwickwash.in", "E:\Qutub Development\2020\7-July\Kwickteam\shop.kwickwash.in\", "{CAE87821-D26D-40BC-AF80-D557311DDE63}"
	ProjectSection(WebsiteProperties) = preProject
		TargetFrameworkMoniker = ".NETFramework,Version%3Dv4.0"
		Debug.AspNetCompiler.VirtualPath = "/localhost_65187"
		Debug.AspNetCompiler.PhysicalPath = "E:\Qutub Development\2020\7-July\Kwickteam\shop.kwickwash.in\"
		Debug.AspNetCompiler.TargetPath = "PrecompiledWeb\localhost_65187\"
		Debug.AspNetCompiler.Updateable = "true"
		Debug.AspNetCompiler.ForceOverwrite = "true"
		Debug.AspNetCompiler.FixedNames = "false"
		Debug.AspNetCompiler.Debug = "True"
		Release.AspNetCompiler.VirtualPath = "/localhost_65187"
		Release.AspNetCompiler.PhysicalPath = "E:\Qutub Development\2020\7-July\Kwickteam\shop.kwickwash.in\"
		Release.AspNetCompiler.TargetPath = "PrecompiledWeb\localhost_65187\"
		Release.AspNetCompiler.Updateable = "true"
		Release.AspNetCompiler.ForceOverwrite = "true"
		Release.AspNetCompiler.FixedNames = "false"
		Release.AspNetCompiler.Debug = "False"
		VWDPort = "65187"
	EndProjectSection
EndProject
Global
	GlobalSection(SolutionConfigurationPlatforms) = preSolution
		Debug|Any CPU = Debug|Any CPU
	EndGlobalSection
	GlobalSection(ProjectConfigurationPlatforms) = postSolution
		{CAE87821-D26D-40BC-AF80-D557311DDE63}.Debug|Any CPU.ActiveCfg = Debug|Any CPU
		{CAE87821-D26D-40BC-AF80-D557311DDE63}.Debug|Any CPU.Build.0 = Debug|Any CPU
	EndGlobalSection
	GlobalSection(SolutionProperties) = preSolution
		HideSolutionNode = FALSE
	EndGlobalSection
	GlobalSection(ExtensibilityGlobals) = postSolution
		SolutionGuid = {404CC8D3-A6AB-48B9-B464-A1AE7B9B20CB}
	EndGlobalSection
EndGlobal
